// !$*UTF8*$!
{
	archiveVersion = 1;
	classes = {
	};
	objectVersion = 56;
	objects = {

/* Begin PBXBuildFile section */
		D04E2FCB2B872617006686B7 /* TabBarModel.swift in Sources */ = {isa = PBXBuildFile; fileRef = D04E2FCA2B872617006686B7 /* TabBarModel.swift */; };
		D04E2FCD2B872E8B006686B7 /* ReportViewModel.swift in Sources */ = {isa = PBXBuildFile; fileRef = D04E2FCC2B872E8B006686B7 /* ReportViewModel.swift */; };
		D04E2FCF2B872EED006686B7 /* ReportModel.swift in Sources */ = {isa = PBXBuildFile; fileRef = D04E2FCE2B872EED006686B7 /* ReportModel.swift */; };
		D0BE6F172B85ADAC0083C083 /* SurvivalReportApp.swift in Sources */ = {isa = PBXBuildFile; fileRef = D0BE6F162B85ADAC0083C083 /* SurvivalReportApp.swift */; };
		D0BE6F192B85ADAC0083C083 /* ContentView.swift in Sources */ = {isa = PBXBuildFile; fileRef = D0BE6F182B85ADAC0083C083 /* ContentView.swift */; };
		D0BE6F1B2B85ADAD0083C083 /* Assets.xcassets in Resources */ = {isa = PBXBuildFile; fileRef = D0BE6F1A2B85ADAD0083C083 /* Assets.xcassets */; };
		D0BE6F1E2B85ADAD0083C083 /* Preview Assets.xcassets in Resources */ = {isa = PBXBuildFile; fileRef = D0BE6F1D2B85ADAD0083C083 /* Preview Assets.xcassets */; };
		D0BE6F282B85B0480083C083 /* TabBarView.swift in Sources */ = {isa = PBXBuildFile; fileRef = D0BE6F272B85B0480083C083 /* TabBarView.swift */; };
		D0BE6F2A2B85CE9D0083C083 /* HomeView.swift in Sources */ = {isa = PBXBuildFile; fileRef = D0BE6F292B85CE9D0083C083 /* HomeView.swift */; };
		D0BE6F2C2B85CEC50083C083 /* HistoryView.swift in Sources */ = {isa = PBXBuildFile; fileRef = D0BE6F2B2B85CEC50083C083 /* HistoryView.swift */; };
		D0BE6F2E2B85CEDB0083C083 /* ReportView.swift in Sources */ = {isa = PBXBuildFile; fileRef = D0BE6F2D2B85CEDB0083C083 /* ReportView.swift */; };
		D0BE6F302B85CEE70083C083 /* SettingView.swift in Sources */ = {isa = PBXBuildFile; fileRef = D0BE6F2F2B85CEE70083C083 /* SettingView.swift */; };
		D0BE6F322B85CFBD0083C083 /* TabBarViewModel.swift in Sources */ = {isa = PBXBuildFile; fileRef = D0BE6F312B85CFBD0083C083 /* TabBarViewModel.swift */; };
		D0BE6F352B85E2190083C083 /* ColorExtension.swift in Sources */ = {isa = PBXBuildFile; fileRef = D0BE6F342B85E2190083C083 /* ColorExtension.swift */; };
/* End PBXBuildFile section */

/* Begin PBXFileReference section */
		D04E2FCA2B872617006686B7 /* TabBarModel.swift */ = {isa = PBXFileReference; lastKnownFileType = sourcecode.swift; path = TabBarModel.swift; sourceTree = "<group>"; };
		D04E2FCC2B872E8B006686B7 /* ReportViewModel.swift */ = {isa = PBXFileReference; lastKnownFileType = sourcecode.swift; path = ReportViewModel.swift; sourceTree = "<group>"; };
		D04E2FCE2B872EED006686B7 /* ReportModel.swift */ = {isa = PBXFileReference; lastKnownFileType = sourcecode.swift; path = ReportModel.swift; sourceTree = "<group>"; };
		D0BE6F132B85ADAC0083C083 /* SurvivalReport.app */ = {isa = PBXFileReference; explicitFileType = wrapper.application; includeInIndex = 0; path = SurvivalReport.app; sourceTree = BUILT_PRODUCTS_DIR; };
		D0BE6F162B85ADAC0083C083 /* SurvivalReportApp.swift */ = {isa = PBXFileReference; lastKnownFileType = sourcecode.swift; path = SurvivalReportApp.swift; sourceTree = "<group>"; };
		D0BE6F182B85ADAC0083C083 /* ContentView.swift */ = {isa = PBXFileReference; lastKnownFileType = sourcecode.swift; path = ContentView.swift; sourceTree = "<group>"; };
		D0BE6F1A2B85ADAD0083C083 /* Assets.xcassets */ = {isa = PBXFileReference; lastKnownFileType = folder.assetcatalog; path = Assets.xcassets; sourceTree = "<group>"; };
		D0BE6F1D2B85ADAD0083C083 /* Preview Assets.xcassets */ = {isa = PBXFileReference; lastKnownFileType = folder.assetcatalog; path = "Preview Assets.xcassets"; sourceTree = "<group>"; };
		D0BE6F272B85B0480083C083 /* TabBarView.swift */ = {isa = PBXFileReference; lastKnownFileType = sourcecode.swift; path = TabBarView.swift; sourceTree = SOURCE_ROOT; };
		D0BE6F292B85CE9D0083C083 /* HomeView.swift */ = {isa = PBXFileReference; lastKnownFileType = sourcecode.swift; path = HomeView.swift; sourceTree = "<group>"; };
		D0BE6F2B2B85CEC50083C083 /* HistoryView.swift */ = {isa = PBXFileReference; lastKnownFileType = sourcecode.swift; path = HistoryView.swift; sourceTree = "<group>"; };
		D0BE6F2D2B85CEDB0083C083 /* ReportView.swift */ = {isa = PBXFileReference; lastKnownFileType = sourcecode.swift; path = ReportView.swift; sourceTree = "<group>"; };
		D0BE6F2F2B85CEE70083C083 /* SettingView.swift */ = {isa = PBXFileReference; lastKnownFileType = sourcecode.swift; path = SettingView.swift; sourceTree = "<group>"; };
		D0BE6F312B85CFBD0083C083 /* TabBarViewModel.swift */ = {isa = PBXFileReference; lastKnownFileType = sourcecode.swift; path = TabBarViewModel.swift; sourceTree = "<group>"; };
		D0BE6F342B85E2190083C083 /* ColorExtension.swift */ = {isa = PBXFileReference; lastKnownFileType = sourcecode.swift; path = ColorExtension.swift; sourceTree = "<group>"; };
/* End PBXFileReference section */

/* Begin PBXFrameworksBuildPhase section */
		D0BE6F102B85ADAC0083C083 /* Frameworks */ = {
			isa = PBXFrameworksBuildPhase;
			buildActionMask = 2147483647;
			files = (
			);
			runOnlyForDeploymentPostprocessing = 0;
		};
/* End PBXFrameworksBuildPhase section */

/* Begin PBXGroup section */
		D0BE6F0A2B85ADAC0083C083 = {
			isa = PBXGroup;
			children = (
				D0BE6F152B85ADAC0083C083 /* SurvivalReport */,
				D0BE6F142B85ADAC0083C083 /* Products */,
			);
			sourceTree = "<group>";
		};
		D0BE6F142B85ADAC0083C083 /* Products */ = {
			isa = PBXGroup;
			children = (
				D0BE6F132B85ADAC0083C083 /* SurvivalReport.app */,
			);
			name = Products;
			sourceTree = "<group>";
		};
		D0BE6F152B85ADAC0083C083 /* SurvivalReport */ = {
			isa = PBXGroup;
			children = (
				D0BE6F332B85E20C0083C083 /* Extension */,
				D0BE6F262B85AEB60083C083 /* Model */,
				D0BE6F252B85AEAE0083C083 /* ViewModel */,
				D0BE6F242B85AEA80083C083 /* View */,
				D0BE6F162B85ADAC0083C083 /* SurvivalReportApp.swift */,
				D0BE6F182B85ADAC0083C083 /* ContentView.swift */,
				D0BE6F1A2B85ADAD0083C083 /* Assets.xcassets */,
				D0BE6F1C2B85ADAD0083C083 /* Preview Content */,
			);
			path = SurvivalReport;
			sourceTree = "<group>";
		};
		D0BE6F1C2B85ADAD0083C083 /* Preview Content */ = {
			isa = PBXGroup;
			children = (
				D0BE6F1D2B85ADAD0083C083 /* Preview Assets.xcassets */,
			);
			path = "Preview Content";
			sourceTree = "<group>";
		};
		D0BE6F242B85AEA80083C083 /* View */ = {
			isa = PBXGroup;
			children = (
				D0BE6F272B85B0480083C083 /* TabBarView.swift */,
				D0BE6F292B85CE9D0083C083 /* HomeView.swift */,
				D0BE6F2B2B85CEC50083C083 /* HistoryView.swift */,
				D0BE6F2D2B85CEDB0083C083 /* ReportView.swift */,
				D0BE6F2F2B85CEE70083C083 /* SettingView.swift */,
			);
			path = View;
			sourceTree = "<group>";
		};
		D0BE6F252B85AEAE0083C083 /* ViewModel */ = {
			isa = PBXGroup;
			children = (
				D0BE6F312B85CFBD0083C083 /* TabBarViewModel.swift */,
				D04E2FCC2B872E8B006686B7 /* ReportViewModel.swift */,
			);
			path = ViewModel;
			sourceTree = "<group>";
		};
		D0BE6F262B85AEB60083C083 /* Model */ = {
			isa = PBXGroup;
			children = (
				D04E2FCA2B872617006686B7 /* TabBarModel.swift */,
				D04E2FCE2B872EED006686B7 /* ReportModel.swift */,
			);
			path = Model;
			sourceTree = "<group>";
		};
		D0BE6F332B85E20C0083C083 /* Extension */ = {
			isa = PBXGroup;
			children = (
				D0BE6F342B85E2190083C083 /* ColorExtension.swift */,
			);
			path = Extension;
			sourceTree = "<group>";
		};
/* End PBXGroup section */

/* Begin PBXNativeTarget section */
		D0BE6F122B85ADAC0083C083 /* SurvivalReport */ = {
			isa = PBXNativeTarget;
			buildConfigurationList = D0BE6F212B85ADAD0083C083 /* Build configuration list for PBXNativeTarget "SurvivalReport" */;
			buildPhases = (
				D0BE6F0F2B85ADAC0083C083 /* Sources */,
				D0BE6F102B85ADAC0083C083 /* Frameworks */,
				D0BE6F112B85ADAC0083C083 /* Resources */,
			);
			buildRules = (
			);
			dependencies = (
			);
			name = SurvivalReport;
			productName = SurvivalReport;
			productReference = D0BE6F132B85ADAC0083C083 /* SurvivalReport.app */;
			productType = "com.apple.product-type.application";
		};
/* End PBXNativeTarget section */

/* Begin PBXProject section */
		D0BE6F0B2B85ADAC0083C083 /* Project object */ = {
			isa = PBXProject;
			attributes = {
				BuildIndependentTargetsInParallel = 1;
				LastSwiftUpdateCheck = 1520;
				LastUpgradeCheck = 1520;
				TargetAttributes = {
					D0BE6F122B85ADAC0083C083 = {
						CreatedOnToolsVersion = 15.2;
					};
				};
			};
			buildConfigurationList = D0BE6F0E2B85ADAC0083C083 /* Build configuration list for PBXProject "SurvivalReport" */;
			compatibilityVersion = "Xcode 14.0";
			developmentRegion = en;
			hasScannedForEncodings = 0;
			knownRegions = (
				en,
				Base,
			);
			mainGroup = D0BE6F0A2B85ADAC0083C083;
			productRefGroup = D0BE6F142B85ADAC0083C083 /* Products */;
			projectDirPath = "";
			projectRoot = "";
			targets = (
				D0BE6F122B85ADAC0083C083 /* SurvivalReport */,
			);
		};
/* End PBXProject section */

/* Begin PBXResourcesBuildPhase section */
		D0BE6F112B85ADAC0083C083 /* Resources */ = {
			isa = PBXResourcesBuildPhase;
			buildActionMask = 2147483647;
			files = (
				D0BE6F1E2B85ADAD0083C083 /* Preview Assets.xcassets in Resources */,
				D0BE6F1B2B85ADAD0083C083 /* Assets.xcassets in Resources */,
			);
			runOnlyForDeploymentPostprocessing = 0;
		};
/* End PBXResourcesBuildPhase section */

/* Begin PBXSourcesBuildPhase section */
		D0BE6F0F2B85ADAC0083C083 /* Sources */ = {
			isa = PBXSourcesBuildPhase;
			buildActionMask = 2147483647;
			files = (
				D0BE6F322B85CFBD0083C083 /* TabBarViewModel.swift in Sources */,
				D0BE6F192B85ADAC0083C083 /* ContentView.swift in Sources */,
				D0BE6F2A2B85CE9D0083C083 /* HomeView.swift in Sources */,
				D0BE6F352B85E2190083C083 /* ColorExtension.swift in Sources */,
				D0BE6F2E2B85CEDB0083C083 /* ReportView.swift in Sources */,
				D0BE6F302B85CEE70083C083 /* SettingView.swift in Sources */,
				D0BE6F2C2B85CEC50083C083 /* HistoryView.swift in Sources */,
				D04E2FCD2B872E8B006686B7 /* ReportViewModel.swift in Sources */,
				D0BE6F282B85B0480083C083 /* TabBarView.swift in Sources */,
				D04E2FCF2B872EED006686B7 /* ReportModel.swift in Sources */,
				D0BE6F172B85ADAC0083C083 /* SurvivalReportApp.swift in Sources */,
				D04E2FCB2B872617006686B7 /* TabBarModel.swift in Sources */,
			);
			runOnlyForDeploymentPostprocessing = 0;
		};
/* End PBXSourcesBuildPhase section */

/* Begin XCBuildConfiguration section */
		D0BE6F1F2B85ADAD0083C083 /* Debug */ = {
			isa = XCBuildConfiguration;
			buildSettings = {
				ALWAYS_SEARCH_USER_PATHS = NO;
				ASSETCATALOG_COMPILER_GENERATE_SWIFT_ASSET_SYMBOL_EXTENSIONS = YES;
				CLANG_ANALYZER_NONNULL = YES;
				CLANG_ANALYZER_NUMBER_OBJECT_CONVERSION = YES_AGGRESSIVE;
				CLANG_CXX_LANGUAGE_STANDARD = "gnu++20";
				CLANG_ENABLE_MODULES = YES;
				CLANG_ENABLE_OBJC_ARC = YES;
				CLANG_ENABLE_OBJC_WEAK = YES;
				CLANG_WARN_BLOCK_CAPTURE_AUTORELEASING = YES;
				CLANG_WARN_BOOL_CONVERSION = YES;
				CLANG_WARN_COMMA = YES;
				CLANG_WARN_CONSTANT_CONVERSION = YES;
				CLANG_WARN_DEPRECATED_OBJC_IMPLEMENTATIONS = YES;
				CLANG_WARN_DIRECT_OBJC_ISA_USAGE = YES_ERROR;
				CLANG_WARN_DOCUMENTATION_COMMENTS = YES;
				CLANG_WARN_EMPTY_BODY = YES;
				CLANG_WARN_ENUM_CONVERSION = YES;
				CLANG_WARN_INFINITE_RECURSION = YES;
				CLANG_WARN_INT_CONVERSION = YES;
				CLANG_WARN_NON_LITERAL_NULL_CONVERSION = YES;
				CLANG_WARN_OBJC_IMPLICIT_RETAIN_SELF = YES;
				CLANG_WARN_OBJC_LITERAL_CONVERSION = YES;
				CLANG_WARN_OBJC_ROOT_CLASS = YES_ERROR;
				CLANG_WARN_QUOTED_INCLUDE_IN_FRAMEWORK_HEADER = YES;
				CLANG_WARN_RANGE_LOOP_ANALYSIS = YES;
				CLANG_WARN_STRICT_PROTOTYPES = YES;
				CLANG_WARN_SUSPICIOUS_MOVE = YES;
				CLANG_WARN_UNGUARDED_AVAILABILITY = YES_AGGRESSIVE;
				CLANG_WARN_UNREACHABLE_CODE = YES;
				CLANG_WARN__DUPLICATE_METHOD_MATCH = YES;
				COPY_PHASE_STRIP = NO;
				DEBUG_INFORMATION_FORMAT = dwarf;
				ENABLE_STRICT_OBJC_MSGSEND = YES;
				ENABLE_TESTABILITY = YES;
				ENABLE_USER_SCRIPT_SANDBOXING = YES;
				GCC_C_LANGUAGE_STANDARD = gnu17;
				GCC_DYNAMIC_NO_PIC = NO;
				GCC_NO_COMMON_BLOCKS = YES;
				GCC_OPTIMIZATION_LEVEL = 0;
				GCC_PREPROCESSOR_DEFINITIONS = (
					"DEBUG=1",
					"$(inherited)",
				);
				GCC_WARN_64_TO_32_BIT_CONVERSION = YES;
				GCC_WARN_ABOUT_RETURN_TYPE = YES_ERROR;
				GCC_WARN_UNDECLARED_SELECTOR = YES;
				GCC_WARN_UNINITIALIZED_AUTOS = YES_AGGRESSIVE;
				GCC_WARN_UNUSED_FUNCTION = YES;
				GCC_WARN_UNUSED_VARIABLE = YES;
				IPHONEOS_DEPLOYMENT_TARGET = 17.2;
				LOCALIZATION_PREFERS_STRING_CATALOGS = YES;
				MTL_ENABLE_DEBUG_INFO = INCLUDE_SOURCE;
				MTL_FAST_MATH = YES;
				ONLY_ACTIVE_ARCH = YES;
				SDKROOT = iphoneos;
				SWIFT_ACTIVE_COMPILATION_CONDITIONS = "DEBUG $(inherited)";
				SWIFT_OPTIMIZATION_LEVEL = "-Onone";
			};
			name = Debug;
		};
		D0BE6F202B85ADAD0083C083 /* Release */ = {
			isa = XCBuildConfiguration;
			buildSettings = {
				ALWAYS_SEARCH_USER_PATHS = NO;
				ASSETCATALOG_COMPILER_GENERATE_SWIFT_ASSET_SYMBOL_EXTENSIONS = YES;
				CLANG_ANALYZER_NONNULL = YES;
				CLANG_ANALYZER_NUMBER_OBJECT_CONVERSION = YES_AGGRESSIVE;
				CLANG_CXX_LANGUAGE_STANDARD = "gnu++20";
				CLANG_ENABLE_MODULES = YES;
				CLANG_ENABLE_OBJC_ARC = YES;
				CLANG_ENABLE_OBJC_WEAK = YES;
				CLANG_WARN_BLOCK_CAPTURE_AUTORELEASING = YES;
				CLANG_WARN_BOOL_CONVERSION = YES;
				CLANG_WARN_COMMA = YES;
				CLANG_WARN_CONSTANT_CONVERSION = YES;
				CLANG_WARN_DEPRECATED_OBJC_IMPLEMENTATIONS = YES;
				CLANG_WARN_DIRECT_OBJC_ISA_USAGE = YES_ERROR;
				CLANG_WARN_DOCUMENTATION_COMMENTS = YES;
				CLANG_WARN_EMPTY_BODY = YES;
				CLANG_WARN_ENUM_CONVERSION = YES;
				CLANG_WARN_INFINITE_RECURSION = YES;
				CLANG_WARN_INT_CONVERSION = YES;
				CLANG_WARN_NON_LITERAL_NULL_CONVERSION = YES;
				CLANG_WARN_OBJC_IMPLICIT_RETAIN_SELF = YES;
				CLANG_WARN_OBJC_LITERAL_CONVERSION = YES;
				CLANG_WARN_OBJC_ROOT_CLASS = YES_ERROR;
				CLANG_WARN_QUOTED_INCLUDE_IN_FRAMEWORK_HEADER = YES;
				CLANG_WARN_RANGE_LOOP_ANALYSIS = YES;
				CLANG_WARN_STRICT_PROTOTYPES = YES;
				CLANG_WARN_SUSPICIOUS_MOVE = YES;
				CLANG_WARN_UNGUARDED_AVAILABILITY = YES_AGGRESSIVE;
				CLANG_WARN_UNREACHABLE_CODE = YES;
				CLANG_WARN__DUPLICATE_METHOD_MATCH = YES;
				COPY_PHASE_STRIP = NO;
				DEBUG_INFORMATION_FORMAT = "dwarf-with-dsym";
				ENABLE_NS_ASSERTIONS = NO;
				ENABLE_STRICT_OBJC_MSGSEND = YES;
				ENABLE_USER_SCRIPT_SANDBOXING = YES;
				GCC_C_LANGUAGE_STANDARD = gnu17;
				GCC_NO_COMMON_BLOCKS = YES;
				GCC_WARN_64_TO_32_BIT_CONVERSION = YES;
				GCC_WARN_ABOUT_RETURN_TYPE = YES_ERROR;
				GCC_WARN_UNDECLARED_SELECTOR = YES;
				GCC_WARN_UNINITIALIZED_AUTOS = YES_AGGRESSIVE;
				GCC_WARN_UNUSED_FUNCTION = YES;
				GCC_WARN_UNUSED_VARIABLE = YES;
				IPHONEOS_DEPLOYMENT_TARGET = 17.2;
				LOCALIZATION_PREFERS_STRING_CATALOGS = YES;
				MTL_ENABLE_DEBUG_INFO = NO;
				MTL_FAST_MATH = YES;
				SDKROOT = iphoneos;
				SWIFT_COMPILATION_MODE = wholemodule;
				VALIDATE_PRODUCT = YES;
			};
			name = Release;
		};
		D0BE6F222B85ADAD0083C083 /* Debug */ = {
			isa = XCBuildConfiguration;
			buildSettings = {
				ASSETCATALOG_COMPILER_APPICON_NAME = AppIcon;
				ASSETCATALOG_COMPILER_GLOBAL_ACCENT_COLOR_NAME = AccentColor;
				CODE_SIGN_STYLE = Automatic;
				CURRENT_PROJECT_VERSION = 1;
				DEVELOPMENT_ASSET_PATHS = "\"SurvivalReport/Preview Content\"";
				DEVELOPMENT_TEAM = XYDL49Q5GS;
				ENABLE_PREVIEWS = YES;
				GENERATE_INFOPLIST_FILE = YES;
				INFOPLIST_KEY_UIApplicationSceneManifest_Generation = YES;
				INFOPLIST_KEY_UIApplicationSupportsIndirectInputEvents = YES;
				INFOPLIST_KEY_UILaunchScreen_Generation = YES;
				INFOPLIST_KEY_UISupportedInterfaceOrientations_iPad = "UIInterfaceOrientationPortrait UIInterfaceOrientationPortraitUpsideDown UIInterfaceOrientationLandscapeLeft UIInterfaceOrientationLandscapeRight";
				INFOPLIST_KEY_UISupportedInterfaceOrientations_iPhone = "UIInterfaceOrientationPortrait UIInterfaceOrientationLandscapeLeft UIInterfaceOrientationLandscapeRight";
				LD_RUNPATH_SEARCH_PATHS = (
					"$(inherited)",
					"@executable_path/Frameworks",
				);
				MARKETING_VERSION = 1.0;
				PRODUCT_BUNDLE_IDENTIFIER = com.jyj.SurvivalReport;
				PRODUCT_NAME = "$(TARGET_NAME)";
				SWIFT_EMIT_LOC_STRINGS = YES;
				SWIFT_VERSION = 5.0;
				TARGETED_DEVICE_FAMILY = "1,2";
			};
			name = Debug;
		};
		D0BE6F232B85ADAD0083C083 /* Release */ = {
			isa = XCBuildConfiguration;
			buildSettings = {
				ASSETCATALOG_COMPILER_APPICON_NAME = AppIcon;
				ASSETCATALOG_COMPILER_GLOBAL_ACCENT_COLOR_NAME = AccentColor;
				CODE_SIGN_STYLE = Automatic;
				CURRENT_PROJECT_VERSION = 1;
				DEVELOPMENT_ASSET_PATHS = "\"SurvivalReport/Preview Content\"";
				DEVELOPMENT_TEAM = XYDL49Q5GS;
				ENABLE_PREVIEWS = YES;
				GENERATE_INFOPLIST_FILE = YES;
				INFOPLIST_KEY_UIApplicationSceneManifest_Generation = YES;
				INFOPLIST_KEY_UIApplicationSupportsIndirectInputEvents = YES;
				INFOPLIST_KEY_UILaunchScreen_Generation = YES;
				INFOPLIST_KEY_UISupportedInterfaceOrientations_iPad = "UIInterfaceOrientationPortrait UIInterfaceOrientationPortraitUpsideDown UIInterfaceOrientationLandscapeLeft UIInterfaceOrientationLandscapeRight";
				INFOPLIST_KEY_UISupportedInterfaceOrientations_iPhone = "UIInterfaceOrientationPortrait UIInterfaceOrientationLandscapeLeft UIInterfaceOrientationLandscapeRight";
				LD_RUNPATH_SEARCH_PATHS = (
					"$(inherited)",
					"@executable_path/Frameworks",
				);
				MARKETING_VERSION = 1.0;
				PRODUCT_BUNDLE_IDENTIFIER = com.jyj.SurvivalReport;
				PRODUCT_NAME = "$(TARGET_NAME)";
				SWIFT_EMIT_LOC_STRINGS = YES;
				SWIFT_VERSION = 5.0;
				TARGETED_DEVICE_FAMILY = "1,2";
			};
			name = Release;
		};
/* End XCBuildConfiguration section */

/* Begin XCConfigurationList section */
		D0BE6F0E2B85ADAC0083C083 /* Build configuration list for PBXProject "SurvivalReport" */ = {
			isa = XCConfigurationList;
			buildConfigurations = (
				D0BE6F1F2B85ADAD0083C083 /* Debug */,
				D0BE6F202B85ADAD0083C083 /* Release */,
			);
			defaultConfigurationIsVisible = 0;
			defaultConfigurationName = Release;
		};
		D0BE6F212B85ADAD0083C083 /* Build configuration list for PBXNativeTarget "SurvivalReport" */ = {
			isa = XCConfigurationList;
			buildConfigurations = (
				D0BE6F222B85ADAD0083C083 /* Debug */,
				D0BE6F232B85ADAD0083C083 /* Release */,
			);
			defaultConfigurationIsVisible = 0;
			defaultConfigurationName = Release;
		};
/* End XCConfigurationList section */
	};
	rootObject = D0BE6F0B2B85ADAC0083C083 /* Project object */;
}
